
Microsoft Visual Studio Solution File, Format Version 12.00
# Visual Studio Version 16
VisualStudioVersion = 16.0.29806.167
MinimumVisualStudioVersion = 10.0.40219.1
Project("{8BC9CEB8-8B4A-11D0-8D11-00A0C91BC942}") = "B-Project", "B-Project\B-Project.vcxproj", "{970CD816-5EF1-4088-B70F-72FA51B6FC49}"
EndProject
Global
	GlobalSection(SolutionConfigurationPlatforms) = preSolution
		Debug|x64 = Debug|x64
		Debug|x86 = Debug|x86
		Release|x64 = Release|x64
		Release|x86 = Release|x86
	EndGlobalSection
	GlobalSection(ProjectConfigurationPlatforms) = postSolution
		{970CD816-5EF1-4088-B70F-72FA51B6FC49}.Debug|x64.ActiveCfg = Debug|x64
		{970CD816-5EF1-4088-B70F-72FA51B6FC49}.Debug|x64.Build.0 = Debug|x64
		{970CD816-5EF1-4088-B70F-72FA51B6FC49}.Debug|x86.ActiveCfg = Debug|Win32
		{970CD816-5EF1-4088-B70F-72FA51B6FC49}.Debug|x86.Build.0 = Debug|Win32
		{970CD816-5EF1-4088-B70F-72FA51B6FC49}.Release|x64.ActiveCfg = Release|x64
		{970CD816-5EF1-4088-B70F-72FA51B6FC49}.Release|x64.Build.0 = Release|x64
		{970CD816-5EF1-4088-B70F-72FA51B6FC49}.Release|x86.ActiveCfg = Release|Win32
		{970CD816-5EF1-4088-B70F-72FA51B6FC49}.Release|x86.Build.0 = Release|Win32
	EndGlobalSection
	GlobalSection(SolutionProperties) = preSolution
		HideSolutionNode = FALSE
	EndGlobalSection
	GlobalSection(ExtensibilityGlobals) = postSolution
		SolutionGuid = {4BFC9E44-6CF2-48AF-B555-E21035180E2A}
	EndGlobalSection
EndGlobal
